
Microsoft Visual Studio Solution File, Format Version 12.00
# Visual Studio Version 17
VisualStudioVersion = 17.14.36109.1
MinimumVisualStudioVersion = 10.0.40219.1
Project("{2150E333-8FDC-42A3-9474-1A3956D46DE8}") = "!DOC", "!DOC", "{02EA681E-C7D8-13C7-8484-4AC65E1B71E8}"
	ProjectSection(SolutionItems) = preProject
		!DOC\!!!.txt = !DOC\!!!.txt
	EndProjectSection
EndProject
Project("{FAE04EC0-301F-11D3-BF4B-00C04F79EFBC}") = "MySharedLibrary", "MySharedLibrary\MySharedLibrary.csproj", "{B11A7778-8934-47F9-A8E2-E15B244F621E}"
EndProject
Project("{FAE04EC0-301F-11D3-BF4B-00C04F79EFBC}") = "Client", "Client\Client.csproj", "{3B8D907C-703C-45DF-98D2-C9A50D71DD09}"
EndProject
Project("{FAE04EC0-301F-11D3-BF4B-00C04F79EFBC}") = "MyGitHubActionsProgram", "MyGitHubActionsProgram\MyGitHubActionsProgram.csproj", "{253DBC44-4EEA-4BED-A88B-44D0E3B63CD8}"
EndProject
Project("{FAE04EC0-301F-11D3-BF4B-00C04F79EFBC}") = "MyGitHubActionsProgramTests", "MyGitHubActionsProgramTests\MyGitHubActionsProgramTests.csproj", "{13896A53-0FE5-4B8A-BE0B-EFCC60A64527}"
EndProject
Global
	GlobalSection(SolutionConfigurationPlatforms) = preSolution
		Debug|Any CPU = Debug|Any CPU
		Release|Any CPU = Release|Any CPU
	EndGlobalSection
	GlobalSection(ProjectConfigurationPlatforms) = postSolution
		{B11A7778-8934-47F9-A8E2-E15B244F621E}.Debug|Any CPU.ActiveCfg = Debug|Any CPU
		{B11A7778-8934-47F9-A8E2-E15B244F621E}.Debug|Any CPU.Build.0 = Debug|Any CPU
		{B11A7778-8934-47F9-A8E2-E15B244F621E}.Release|Any CPU.ActiveCfg = Release|Any CPU
		{B11A7778-8934-47F9-A8E2-E15B244F621E}.Release|Any CPU.Build.0 = Release|Any CPU
		{3B8D907C-703C-45DF-98D2-C9A50D71DD09}.Debug|Any CPU.ActiveCfg = Debug|Any CPU
		{3B8D907C-703C-45DF-98D2-C9A50D71DD09}.Debug|Any CPU.Build.0 = Debug|Any CPU
		{3B8D907C-703C-45DF-98D2-C9A50D71DD09}.Release|Any CPU.ActiveCfg = Release|Any CPU
		{3B8D907C-703C-45DF-98D2-C9A50D71DD09}.Release|Any CPU.Build.0 = Release|Any CPU
		{253DBC44-4EEA-4BED-A88B-44D0E3B63CD8}.Debug|Any CPU.ActiveCfg = Debug|Any CPU
		{253DBC44-4EEA-4BED-A88B-44D0E3B63CD8}.Debug|Any CPU.Build.0 = Debug|Any CPU
		{253DBC44-4EEA-4BED-A88B-44D0E3B63CD8}.Release|Any CPU.ActiveCfg = Release|Any CPU
		{253DBC44-4EEA-4BED-A88B-44D0E3B63CD8}.Release|Any CPU.Build.0 = Release|Any CPU
		{13896A53-0FE5-4B8A-BE0B-EFCC60A64527}.Debug|Any CPU.ActiveCfg = Debug|Any CPU
		{13896A53-0FE5-4B8A-BE0B-EFCC60A64527}.Debug|Any CPU.Build.0 = Debug|Any CPU
		{13896A53-0FE5-4B8A-BE0B-EFCC60A64527}.Release|Any CPU.ActiveCfg = Release|Any CPU
		{13896A53-0FE5-4B8A-BE0B-EFCC60A64527}.Release|Any CPU.Build.0 = Release|Any CPU
	EndGlobalSection
	GlobalSection(SolutionProperties) = preSolution
		HideSolutionNode = FALSE
	EndGlobalSection
	GlobalSection(ExtensibilityGlobals) = postSolution
		SolutionGuid = {0744A8DB-0310-4CFA-814F-B647A51D46FA}
	EndGlobalSection
EndGlobal
